
Microsoft Visual Studio Solution File, Format Version 12.00
# Visual Studio 15
VisualStudioVersion = 15.0.27004.2008
MinimumVisualStudioVersion = 10.0.40219.1
Project("{FAE04EC0-301F-11D3-BF4B-00C04F79EFBC}") = "SharpNetwork.Core", "SharpNetwork.Core\SharpNetwork.Core.csproj", "{4A0E8821-E177-4DE8-8A8E-36368AF40399}"
EndProject
Project("{FAE04EC0-301F-11D3-BF4B-00C04F79EFBC}") = "SharpNetwork.SimpleProtocol", "SharpNetwork.SimpleProtocol\SharpNetwork.SimpleProtocol.csproj", "{FD74FA05-A372-4120-BD00-652AD9ED5200}"
EndProject
Project("{FAE04EC0-301F-11D3-BF4B-00C04F79EFBC}") = "SharpNetwork.SimpleWebSocket", "SharpNetwork.SimpleWebSocket\SharpNetwork.SimpleWebSocket.csproj", "{AD8C196F-453C-4506-9D91-95614ECC8F4C}"
EndProject
Global
	GlobalSection(SolutionConfigurationPlatforms) = preSolution
		Debug|Any CPU = Debug|Any CPU
		Release|Any CPU = Release|Any CPU
	EndGlobalSection
	GlobalSection(ProjectConfigurationPlatforms) = postSolution
		{4A0E8821-E177-4DE8-8A8E-36368AF40399}.Debug|Any CPU.ActiveCfg = Debug|Any CPU
		{4A0E8821-E177-4DE8-8A8E-36368AF40399}.Debug|Any CPU.Build.0 = Debug|Any CPU
		{4A0E8821-E177-4DE8-8A8E-36368AF40399}.Release|Any CPU.ActiveCfg = Release|Any CPU
		{4A0E8821-E177-4DE8-8A8E-36368AF40399}.Release|Any CPU.Build.0 = Release|Any CPU
		{FD74FA05-A372-4120-BD00-652AD9ED5200}.Debug|Any CPU.ActiveCfg = Debug|Any CPU
		{FD74FA05-A372-4120-BD00-652AD9ED5200}.Debug|Any CPU.Build.0 = Debug|Any CPU
		{FD74FA05-A372-4120-BD00-652AD9ED5200}.Release|Any CPU.ActiveCfg = Release|Any CPU
		{FD74FA05-A372-4120-BD00-652AD9ED5200}.Release|Any CPU.Build.0 = Release|Any CPU
		{AD8C196F-453C-4506-9D91-95614ECC8F4C}.Debug|Any CPU.ActiveCfg = Debug|Any CPU
		{AD8C196F-453C-4506-9D91-95614ECC8F4C}.Debug|Any CPU.Build.0 = Debug|Any CPU
		{AD8C196F-453C-4506-9D91-95614ECC8F4C}.Release|Any CPU.ActiveCfg = Release|Any CPU
		{AD8C196F-453C-4506-9D91-95614ECC8F4C}.Release|Any CPU.Build.0 = Release|Any CPU
	EndGlobalSection
	GlobalSection(SolutionProperties) = preSolution
		HideSolutionNode = FALSE
	EndGlobalSection
	GlobalSection(ExtensibilityGlobals) = postSolution
		SolutionGuid = {E70104F4-847B-464F-B8B9-20F91D005168}
	EndGlobalSection
EndGlobal
