
Microsoft Visual Studio Solution File, Format Version 12.00
# Visual Studio 15
VisualStudioVersion = 15.0.28307.572
MinimumVisualStudioVersion = 10.0.40219.1
Project("{FAE04EC0-301F-11D3-BF4B-00C04F79EFBC}") = "ChatServer", "ChatServer\ChatServer.csproj", "{DE5CA386-7A9F-4A4B-9D7E-DF1FD33C05D4}"
EndProject
Project("{FAE04EC0-301F-11D3-BF4B-00C04F79EFBC}") = "ChatClient", "ChatClient\ChatClient.csproj", "{DF643EA9-5DC6-48BA-935A-2C574A5128F0}"
EndProject
Global
	GlobalSection(SolutionConfigurationPlatforms) = preSolution
		Debug|Any CPU = Debug|Any CPU
		Release|Any CPU = Release|Any CPU
	EndGlobalSection
	GlobalSection(ProjectConfigurationPlatforms) = postSolution
		{DE5CA386-7A9F-4A4B-9D7E-DF1FD33C05D4}.Debug|Any CPU.ActiveCfg = Debug|Any CPU
		{DE5CA386-7A9F-4A4B-9D7E-DF1FD33C05D4}.Debug|Any CPU.Build.0 = Debug|Any CPU
		{DE5CA386-7A9F-4A4B-9D7E-DF1FD33C05D4}.Release|Any CPU.ActiveCfg = Release|Any CPU
		{DE5CA386-7A9F-4A4B-9D7E-DF1FD33C05D4}.Release|Any CPU.Build.0 = Release|Any CPU
		{DF643EA9-5DC6-48BA-935A-2C574A5128F0}.Debug|Any CPU.ActiveCfg = Debug|Any CPU
		{DF643EA9-5DC6-48BA-935A-2C574A5128F0}.Debug|Any CPU.Build.0 = Debug|Any CPU
		{DF643EA9-5DC6-48BA-935A-2C574A5128F0}.Release|Any CPU.ActiveCfg = Release|Any CPU
		{DF643EA9-5DC6-48BA-935A-2C574A5128F0}.Release|Any CPU.Build.0 = Release|Any CPU
	EndGlobalSection
	GlobalSection(SolutionProperties) = preSolution
		HideSolutionNode = FALSE
	EndGlobalSection
	GlobalSection(ExtensibilityGlobals) = postSolution
		SolutionGuid = {B1A48557-9144-4907-9328-5D10E05BB9E3}
	EndGlobalSection
EndGlobal
