
Microsoft Visual Studio Solution File, Format Version 11.00
# Visual C# Express 2010
Project("{FAE04EC0-301F-11D3-BF4B-00C04F79EFBC}") = "SharpNetwork", "SharpNetwork\SharpNetwork.csproj", "{58625FE1-258C-45C2-95BD-06B94B7A1575}"
EndProject
Project("{FAE04EC0-301F-11D3-BF4B-00C04F79EFBC}") = "SharpNetwork.SimpleProtocol", "SimpleProtocol\SharpNetwork.SimpleProtocol.csproj", "{68E79041-1D88-433F-9DC1-D141E65398A4}"
EndProject
Project("{FAE04EC0-301F-11D3-BF4B-00C04F79EFBC}") = "SharpNetwork.SimpleWebSocket", "SimpleWebSocket\SharpNetwork.SimpleWebSocket.csproj", "{467197FF-C9C8-4891-9062-9A65B04100BA}"
EndProject
Global
	GlobalSection(SolutionConfigurationPlatforms) = preSolution
		Debug|Any CPU = Debug|Any CPU
		Release|Any CPU = Release|Any CPU
	EndGlobalSection
	GlobalSection(ProjectConfigurationPlatforms) = postSolution
		{58625FE1-258C-45C2-95BD-06B94B7A1575}.Debug|Any CPU.ActiveCfg = Debug|Any CPU
		{58625FE1-258C-45C2-95BD-06B94B7A1575}.Debug|Any CPU.Build.0 = Debug|Any CPU
		{58625FE1-258C-45C2-95BD-06B94B7A1575}.Release|Any CPU.ActiveCfg = Release|Any CPU
		{58625FE1-258C-45C2-95BD-06B94B7A1575}.Release|Any CPU.Build.0 = Release|Any CPU
		{68E79041-1D88-433F-9DC1-D141E65398A4}.Debug|Any CPU.ActiveCfg = Debug|Any CPU
		{68E79041-1D88-433F-9DC1-D141E65398A4}.Debug|Any CPU.Build.0 = Debug|Any CPU
		{68E79041-1D88-433F-9DC1-D141E65398A4}.Release|Any CPU.ActiveCfg = Release|Any CPU
		{68E79041-1D88-433F-9DC1-D141E65398A4}.Release|Any CPU.Build.0 = Release|Any CPU
		{467197FF-C9C8-4891-9062-9A65B04100BA}.Debug|Any CPU.ActiveCfg = Debug|Any CPU
		{467197FF-C9C8-4891-9062-9A65B04100BA}.Debug|Any CPU.Build.0 = Debug|Any CPU
		{467197FF-C9C8-4891-9062-9A65B04100BA}.Release|Any CPU.ActiveCfg = Release|Any CPU
		{467197FF-C9C8-4891-9062-9A65B04100BA}.Release|Any CPU.Build.0 = Release|Any CPU
	EndGlobalSection
	GlobalSection(SolutionProperties) = preSolution
		HideSolutionNode = FALSE
	EndGlobalSection
EndGlobal
