
Microsoft Visual Studio Solution File, Format Version 12.00
# Visual Studio 15
VisualStudioVersion = 15.0.26124.0
MinimumVisualStudioVersion = 15.0.26124.0
Project("{FAE04EC0-301F-11D3-BF4B-00C04F79EFBC}") = "SharpNetwork.Core", "SharpNetwork.Core\SharpNetwork.Core.csproj", "{09390DA5-FA8C-4D32-A44D-82F9ADF500AB}"
EndProject
Project("{FAE04EC0-301F-11D3-BF4B-00C04F79EFBC}") = "SharpNetwork.SimpleProtocol", "SharpNetwork.SimpleProtocol\SharpNetwork.SimpleProtocol.csproj", "{703C1211-3798-4E87-84DE-08CC2C2F8167}"
EndProject
Project("{FAE04EC0-301F-11D3-BF4B-00C04F79EFBC}") = "SharpNetwork.SimpleHttp", "SharpNetwork.SimpleHttp\SharpNetwork.SimpleHttp.csproj", "{3002DC55-35E7-4F82-988E-60C4BAFB9774}"
EndProject
Project("{FAE04EC0-301F-11D3-BF4B-00C04F79EFBC}") = "SharpNetwork.SimpleWebSocket", "SharpNetwork.SimpleWebSocket\SharpNetwork.SimpleWebSocket.csproj", "{6D3CCE34-714F-40E3-A9E9-C0013906585B}"
EndProject
Global
	GlobalSection(SolutionConfigurationPlatforms) = preSolution
		Debug|Any CPU = Debug|Any CPU
		Debug|x64 = Debug|x64
		Debug|x86 = Debug|x86
		Release|Any CPU = Release|Any CPU
		Release|x64 = Release|x64
		Release|x86 = Release|x86
	EndGlobalSection
	GlobalSection(SolutionProperties) = preSolution
		HideSolutionNode = FALSE
	EndGlobalSection
	GlobalSection(ProjectConfigurationPlatforms) = postSolution
		{09390DA5-FA8C-4D32-A44D-82F9ADF500AB}.Debug|Any CPU.ActiveCfg = Debug|Any CPU
		{09390DA5-FA8C-4D32-A44D-82F9ADF500AB}.Debug|Any CPU.Build.0 = Debug|Any CPU
		{09390DA5-FA8C-4D32-A44D-82F9ADF500AB}.Debug|x64.ActiveCfg = Debug|Any CPU
		{09390DA5-FA8C-4D32-A44D-82F9ADF500AB}.Debug|x64.Build.0 = Debug|Any CPU
		{09390DA5-FA8C-4D32-A44D-82F9ADF500AB}.Debug|x86.ActiveCfg = Debug|Any CPU
		{09390DA5-FA8C-4D32-A44D-82F9ADF500AB}.Debug|x86.Build.0 = Debug|Any CPU
		{09390DA5-FA8C-4D32-A44D-82F9ADF500AB}.Release|Any CPU.ActiveCfg = Release|Any CPU
		{09390DA5-FA8C-4D32-A44D-82F9ADF500AB}.Release|Any CPU.Build.0 = Release|Any CPU
		{09390DA5-FA8C-4D32-A44D-82F9ADF500AB}.Release|x64.ActiveCfg = Release|Any CPU
		{09390DA5-FA8C-4D32-A44D-82F9ADF500AB}.Release|x64.Build.0 = Release|Any CPU
		{09390DA5-FA8C-4D32-A44D-82F9ADF500AB}.Release|x86.ActiveCfg = Release|Any CPU
		{09390DA5-FA8C-4D32-A44D-82F9ADF500AB}.Release|x86.Build.0 = Release|Any CPU
		{703C1211-3798-4E87-84DE-08CC2C2F8167}.Debug|Any CPU.ActiveCfg = Debug|Any CPU
		{703C1211-3798-4E87-84DE-08CC2C2F8167}.Debug|Any CPU.Build.0 = Debug|Any CPU
		{703C1211-3798-4E87-84DE-08CC2C2F8167}.Debug|x64.ActiveCfg = Debug|Any CPU
		{703C1211-3798-4E87-84DE-08CC2C2F8167}.Debug|x64.Build.0 = Debug|Any CPU
		{703C1211-3798-4E87-84DE-08CC2C2F8167}.Debug|x86.ActiveCfg = Debug|Any CPU
		{703C1211-3798-4E87-84DE-08CC2C2F8167}.Debug|x86.Build.0 = Debug|Any CPU
		{703C1211-3798-4E87-84DE-08CC2C2F8167}.Release|Any CPU.ActiveCfg = Release|Any CPU
		{703C1211-3798-4E87-84DE-08CC2C2F8167}.Release|Any CPU.Build.0 = Release|Any CPU
		{703C1211-3798-4E87-84DE-08CC2C2F8167}.Release|x64.ActiveCfg = Release|Any CPU
		{703C1211-3798-4E87-84DE-08CC2C2F8167}.Release|x64.Build.0 = Release|Any CPU
		{703C1211-3798-4E87-84DE-08CC2C2F8167}.Release|x86.ActiveCfg = Release|Any CPU
		{703C1211-3798-4E87-84DE-08CC2C2F8167}.Release|x86.Build.0 = Release|Any CPU
		{3002DC55-35E7-4F82-988E-60C4BAFB9774}.Debug|Any CPU.ActiveCfg = Debug|Any CPU
		{3002DC55-35E7-4F82-988E-60C4BAFB9774}.Debug|Any CPU.Build.0 = Debug|Any CPU
		{3002DC55-35E7-4F82-988E-60C4BAFB9774}.Debug|x64.ActiveCfg = Debug|Any CPU
		{3002DC55-35E7-4F82-988E-60C4BAFB9774}.Debug|x64.Build.0 = Debug|Any CPU
		{3002DC55-35E7-4F82-988E-60C4BAFB9774}.Debug|x86.ActiveCfg = Debug|Any CPU
		{3002DC55-35E7-4F82-988E-60C4BAFB9774}.Debug|x86.Build.0 = Debug|Any CPU
		{3002DC55-35E7-4F82-988E-60C4BAFB9774}.Release|Any CPU.ActiveCfg = Release|Any CPU
		{3002DC55-35E7-4F82-988E-60C4BAFB9774}.Release|Any CPU.Build.0 = Release|Any CPU
		{3002DC55-35E7-4F82-988E-60C4BAFB9774}.Release|x64.ActiveCfg = Release|Any CPU
		{3002DC55-35E7-4F82-988E-60C4BAFB9774}.Release|x64.Build.0 = Release|Any CPU
		{3002DC55-35E7-4F82-988E-60C4BAFB9774}.Release|x86.ActiveCfg = Release|Any CPU
		{3002DC55-35E7-4F82-988E-60C4BAFB9774}.Release|x86.Build.0 = Release|Any CPU
		{6D3CCE34-714F-40E3-A9E9-C0013906585B}.Debug|Any CPU.ActiveCfg = Debug|Any CPU
		{6D3CCE34-714F-40E3-A9E9-C0013906585B}.Debug|Any CPU.Build.0 = Debug|Any CPU
		{6D3CCE34-714F-40E3-A9E9-C0013906585B}.Debug|x64.ActiveCfg = Debug|Any CPU
		{6D3CCE34-714F-40E3-A9E9-C0013906585B}.Debug|x64.Build.0 = Debug|Any CPU
		{6D3CCE34-714F-40E3-A9E9-C0013906585B}.Debug|x86.ActiveCfg = Debug|Any CPU
		{6D3CCE34-714F-40E3-A9E9-C0013906585B}.Debug|x86.Build.0 = Debug|Any CPU
		{6D3CCE34-714F-40E3-A9E9-C0013906585B}.Release|Any CPU.ActiveCfg = Release|Any CPU
		{6D3CCE34-714F-40E3-A9E9-C0013906585B}.Release|Any CPU.Build.0 = Release|Any CPU
		{6D3CCE34-714F-40E3-A9E9-C0013906585B}.Release|x64.ActiveCfg = Release|Any CPU
		{6D3CCE34-714F-40E3-A9E9-C0013906585B}.Release|x64.Build.0 = Release|Any CPU
		{6D3CCE34-714F-40E3-A9E9-C0013906585B}.Release|x86.ActiveCfg = Release|Any CPU
		{6D3CCE34-714F-40E3-A9E9-C0013906585B}.Release|x86.Build.0 = Release|Any CPU
	EndGlobalSection
EndGlobal
