
Microsoft Visual Studio Solution File, Format Version 12.00
# Visual Studio 15
VisualStudioVersion = 15.0.27004.2008
MinimumVisualStudioVersion = 10.0.40219.1
Project("{FAE04EC0-301F-11D3-BF4B-00C04F79EFBC}") = "SharpNetwork.Core", "SharpNetwork.Core\SharpNetwork.Core.csproj", "{6441085F-EB1D-475E-AAFB-10DFC8B9CBAD}"
EndProject
Project("{FAE04EC0-301F-11D3-BF4B-00C04F79EFBC}") = "SharpNetwork.SimpleProtocol", "SharpNetwork.SimpleProtocol\SharpNetwork.SimpleProtocol.csproj", "{CB584970-A573-476A-9C3E-9A8688765482}"
EndProject
Project("{FAE04EC0-301F-11D3-BF4B-00C04F79EFBC}") = "SharpNetwork.SimpleWebSocket", "SharpNetwork.SimpleWebSocket\SharpNetwork.SimpleWebSocket.csproj", "{E0F0DD59-8958-4AE0-BCF1-375ADBB1E2B7}"
EndProject
Project("{FAE04EC0-301F-11D3-BF4B-00C04F79EFBC}") = "SharpNetwork.SimpleHttp", "SharpNetwork.SimpleHttp\SharpNetwork.SimpleHttp.csproj", "{3F195393-9C4F-47F9-9430-3E68C39B8F52}"
EndProject
Global
	GlobalSection(SolutionConfigurationPlatforms) = preSolution
		Debug|Any CPU = Debug|Any CPU
		Release|Any CPU = Release|Any CPU
	EndGlobalSection
	GlobalSection(ProjectConfigurationPlatforms) = postSolution
		{6441085F-EB1D-475E-AAFB-10DFC8B9CBAD}.Debug|Any CPU.ActiveCfg = Debug|Any CPU
		{6441085F-EB1D-475E-AAFB-10DFC8B9CBAD}.Debug|Any CPU.Build.0 = Debug|Any CPU
		{6441085F-EB1D-475E-AAFB-10DFC8B9CBAD}.Release|Any CPU.ActiveCfg = Release|Any CPU
		{6441085F-EB1D-475E-AAFB-10DFC8B9CBAD}.Release|Any CPU.Build.0 = Release|Any CPU
		{CB584970-A573-476A-9C3E-9A8688765482}.Debug|Any CPU.ActiveCfg = Debug|Any CPU
		{CB584970-A573-476A-9C3E-9A8688765482}.Debug|Any CPU.Build.0 = Debug|Any CPU
		{CB584970-A573-476A-9C3E-9A8688765482}.Release|Any CPU.ActiveCfg = Release|Any CPU
		{CB584970-A573-476A-9C3E-9A8688765482}.Release|Any CPU.Build.0 = Release|Any CPU
		{E0F0DD59-8958-4AE0-BCF1-375ADBB1E2B7}.Debug|Any CPU.ActiveCfg = Debug|Any CPU
		{E0F0DD59-8958-4AE0-BCF1-375ADBB1E2B7}.Debug|Any CPU.Build.0 = Debug|Any CPU
		{E0F0DD59-8958-4AE0-BCF1-375ADBB1E2B7}.Release|Any CPU.ActiveCfg = Release|Any CPU
		{E0F0DD59-8958-4AE0-BCF1-375ADBB1E2B7}.Release|Any CPU.Build.0 = Release|Any CPU
		{3F195393-9C4F-47F9-9430-3E68C39B8F52}.Debug|Any CPU.ActiveCfg = Debug|Any CPU
		{3F195393-9C4F-47F9-9430-3E68C39B8F52}.Debug|Any CPU.Build.0 = Debug|Any CPU
		{3F195393-9C4F-47F9-9430-3E68C39B8F52}.Release|Any CPU.ActiveCfg = Release|Any CPU
		{3F195393-9C4F-47F9-9430-3E68C39B8F52}.Release|Any CPU.Build.0 = Release|Any CPU
	EndGlobalSection
	GlobalSection(SolutionProperties) = preSolution
		HideSolutionNode = FALSE
	EndGlobalSection
	GlobalSection(ExtensibilityGlobals) = postSolution
		SolutionGuid = {815F07DF-1E01-4BF7-9187-CA612B029D03}
	EndGlobalSection
EndGlobal
